
Microsoft Visual Studio Solution File, Format Version 12.00
# Visual Studio Version 16
VisualStudioVersion = 16.0.31105.61
MinimumVisualStudioVersion = 10.0.40219.1
Project("{9A19103F-16F7-4668-BE54-9A1E7A4F7556}") = "GeneralConfigSetter", "GeneralConfigSetter\GeneralConfigSetter.csproj", "{8AE023CF-DE4F-4878-B7EC-511C3741B836}"
EndProject
Project("{54435603-DBB4-11D2-8724-00A0C9A8B90C}") = "GeneralConfigSetter.Setup", "GeneralConfigSetter.Setup\GeneralConfigSetter.Setup.vdproj", "{707F90D5-9388-4BE9-AF3C-6AE48D37ACC3}"
EndProject
Project("{9A19103F-16F7-4668-BE54-9A1E7A4F7556}") = "ACrypto", "ACrypto\ACrypto.csproj", "{E534DB5C-6C24-490B-B876-FAFF9D4316F3}"
EndProject
Global
	GlobalSection(SolutionConfigurationPlatforms) = preSolution
		Debug|Any CPU = Debug|Any CPU
		Debug|ARM = Debug|ARM
		Debug|ARM64 = Debug|ARM64
		Debug|x64 = Debug|x64
		Debug|x86 = Debug|x86
		Release|Any CPU = Release|Any CPU
		Release|ARM = Release|ARM
		Release|ARM64 = Release|ARM64
		Release|x64 = Release|x64
		Release|x86 = Release|x86
	EndGlobalSection
	GlobalSection(ProjectConfigurationPlatforms) = postSolution
		{8AE023CF-DE4F-4878-B7EC-511C3741B836}.Debug|Any CPU.ActiveCfg = Debug|Any CPU
		{8AE023CF-DE4F-4878-B7EC-511C3741B836}.Debug|Any CPU.Build.0 = Debug|Any CPU
		{8AE023CF-DE4F-4878-B7EC-511C3741B836}.Debug|ARM.ActiveCfg = Debug|Any CPU
		{8AE023CF-DE4F-4878-B7EC-511C3741B836}.Debug|ARM.Build.0 = Debug|Any CPU
		{8AE023CF-DE4F-4878-B7EC-511C3741B836}.Debug|ARM64.ActiveCfg = Debug|Any CPU
		{8AE023CF-DE4F-4878-B7EC-511C3741B836}.Debug|ARM64.Build.0 = Debug|Any CPU
		{8AE023CF-DE4F-4878-B7EC-511C3741B836}.Debug|x64.ActiveCfg = Debug|Any CPU
		{8AE023CF-DE4F-4878-B7EC-511C3741B836}.Debug|x64.Build.0 = Debug|Any CPU
		{8AE023CF-DE4F-4878-B7EC-511C3741B836}.Debug|x86.ActiveCfg = Debug|Any CPU
		{8AE023CF-DE4F-4878-B7EC-511C3741B836}.Debug|x86.Build.0 = Debug|Any CPU
		{8AE023CF-DE4F-4878-B7EC-511C3741B836}.Release|Any CPU.ActiveCfg = Release|Any CPU
		{8AE023CF-DE4F-4878-B7EC-511C3741B836}.Release|Any CPU.Build.0 = Release|Any CPU
		{8AE023CF-DE4F-4878-B7EC-511C3741B836}.Release|ARM.ActiveCfg = Release|Any CPU
		{8AE023CF-DE4F-4878-B7EC-511C3741B836}.Release|ARM.Build.0 = Release|Any CPU
		{8AE023CF-DE4F-4878-B7EC-511C3741B836}.Release|ARM64.ActiveCfg = Release|Any CPU
		{8AE023CF-DE4F-4878-B7EC-511C3741B836}.Release|ARM64.Build.0 = Release|Any CPU
		{8AE023CF-DE4F-4878-B7EC-511C3741B836}.Release|x64.ActiveCfg = Release|Any CPU
		{8AE023CF-DE4F-4878-B7EC-511C3741B836}.Release|x64.Build.0 = Release|Any CPU
		{8AE023CF-DE4F-4878-B7EC-511C3741B836}.Release|x86.ActiveCfg = Release|Any CPU
		{8AE023CF-DE4F-4878-B7EC-511C3741B836}.Release|x86.Build.0 = Release|Any CPU
		{707F90D5-9388-4BE9-AF3C-6AE48D37ACC3}.Debug|Any CPU.ActiveCfg = Release
		{707F90D5-9388-4BE9-AF3C-6AE48D37ACC3}.Debug|ARM.ActiveCfg = Debug
		{707F90D5-9388-4BE9-AF3C-6AE48D37ACC3}.Debug|ARM.Build.0 = Debug
		{707F90D5-9388-4BE9-AF3C-6AE48D37ACC3}.Debug|ARM64.ActiveCfg = Debug
		{707F90D5-9388-4BE9-AF3C-6AE48D37ACC3}.Debug|ARM64.Build.0 = Debug
		{707F90D5-9388-4BE9-AF3C-6AE48D37ACC3}.Debug|x64.ActiveCfg = Debug
		{707F90D5-9388-4BE9-AF3C-6AE48D37ACC3}.Debug|x64.Build.0 = Debug
		{707F90D5-9388-4BE9-AF3C-6AE48D37ACC3}.Debug|x86.ActiveCfg = Debug
		{707F90D5-9388-4BE9-AF3C-6AE48D37ACC3}.Debug|x86.Build.0 = Debug
		{707F90D5-9388-4BE9-AF3C-6AE48D37ACC3}.Release|Any CPU.ActiveCfg = Release
		{707F90D5-9388-4BE9-AF3C-6AE48D37ACC3}.Release|ARM.ActiveCfg = Release
		{707F90D5-9388-4BE9-AF3C-6AE48D37ACC3}.Release|ARM.Build.0 = Release
		{707F90D5-9388-4BE9-AF3C-6AE48D37ACC3}.Release|ARM64.ActiveCfg = Release
		{707F90D5-9388-4BE9-AF3C-6AE48D37ACC3}.Release|ARM64.Build.0 = Release
		{707F90D5-9388-4BE9-AF3C-6AE48D37ACC3}.Release|x64.ActiveCfg = Release
		{707F90D5-9388-4BE9-AF3C-6AE48D37ACC3}.Release|x64.Build.0 = Release
		{707F90D5-9388-4BE9-AF3C-6AE48D37ACC3}.Release|x86.ActiveCfg = Release
		{707F90D5-9388-4BE9-AF3C-6AE48D37ACC3}.Release|x86.Build.0 = Release
		{E534DB5C-6C24-490B-B876-FAFF9D4316F3}.Debug|Any CPU.ActiveCfg = Debug|Any CPU
		{E534DB5C-6C24-490B-B876-FAFF9D4316F3}.Debug|Any CPU.Build.0 = Debug|Any CPU
		{E534DB5C-6C24-490B-B876-FAFF9D4316F3}.Debug|ARM.ActiveCfg = Debug|Any CPU
		{E534DB5C-6C24-490B-B876-FAFF9D4316F3}.Debug|ARM.Build.0 = Debug|Any CPU
		{E534DB5C-6C24-490B-B876-FAFF9D4316F3}.Debug|ARM64.ActiveCfg = Debug|Any CPU
		{E534DB5C-6C24-490B-B876-FAFF9D4316F3}.Debug|ARM64.Build.0 = Debug|Any CPU
		{E534DB5C-6C24-490B-B876-FAFF9D4316F3}.Debug|x64.ActiveCfg = Debug|Any CPU
		{E534DB5C-6C24-490B-B876-FAFF9D4316F3}.Debug|x64.Build.0 = Debug|Any CPU
		{E534DB5C-6C24-490B-B876-FAFF9D4316F3}.Debug|x86.ActiveCfg = Debug|Any CPU
		{E534DB5C-6C24-490B-B876-FAFF9D4316F3}.Debug|x86.Build.0 = Debug|Any CPU
		{E534DB5C-6C24-490B-B876-FAFF9D4316F3}.Release|Any CPU.ActiveCfg = Release|Any CPU
		{E534DB5C-6C24-490B-B876-FAFF9D4316F3}.Release|Any CPU.Build.0 = Release|Any CPU
		{E534DB5C-6C24-490B-B876-FAFF9D4316F3}.Release|ARM.ActiveCfg = Release|Any CPU
		{E534DB5C-6C24-490B-B876-FAFF9D4316F3}.Release|ARM.Build.0 = Release|Any CPU
		{E534DB5C-6C24-490B-B876-FAFF9D4316F3}.Release|ARM64.ActiveCfg = Release|Any CPU
		{E534DB5C-6C24-490B-B876-FAFF9D4316F3}.Release|ARM64.Build.0 = Release|Any CPU
		{E534DB5C-6C24-490B-B876-FAFF9D4316F3}.Release|x64.ActiveCfg = Release|Any CPU
		{E534DB5C-6C24-490B-B876-FAFF9D4316F3}.Release|x64.Build.0 = Release|Any CPU
		{E534DB5C-6C24-490B-B876-FAFF9D4316F3}.Release|x86.ActiveCfg = Release|Any CPU
		{E534DB5C-6C24-490B-B876-FAFF9D4316F3}.Release|x86.Build.0 = Release|Any CPU
	EndGlobalSection
	GlobalSection(SolutionProperties) = preSolution
		HideSolutionNode = FALSE
	EndGlobalSection
	GlobalSection(ExtensibilityGlobals) = postSolution
		SolutionGuid = {B18D94CE-CA3B-4524-8DBA-4213ECE1BB60}
	EndGlobalSection
EndGlobal
