
Microsoft Visual Studio Solution File, Format Version 12.00
# Visual Studio Version 16
VisualStudioVersion = 16.0.31105.61
MinimumVisualStudioVersion = 10.0.40219.1
Project("{FAE04EC0-301F-11D3-BF4B-00C04F79EFBC}") = "GeneralConfigSetter", "GeneralConfigSetter\GeneralConfigSetter.csproj", "{8AE023CF-DE4F-4878-B7EC-511C3741B836}"
EndProject
Global
	GlobalSection(SolutionConfigurationPlatforms) = preSolution
		Debug|Any CPU = Debug|Any CPU
		Release|Any CPU = Release|Any CPU
	EndGlobalSection
	GlobalSection(ProjectConfigurationPlatforms) = postSolution
		{8AE023CF-DE4F-4878-B7EC-511C3741B836}.Debug|Any CPU.ActiveCfg = Debug|Any CPU
		{8AE023CF-DE4F-4878-B7EC-511C3741B836}.Debug|Any CPU.Build.0 = Debug|Any CPU
		{8AE023CF-DE4F-4878-B7EC-511C3741B836}.Release|Any CPU.ActiveCfg = Release|Any CPU
		{8AE023CF-DE4F-4878-B7EC-511C3741B836}.Release|Any CPU.Build.0 = Release|Any CPU
	EndGlobalSection
	GlobalSection(SolutionProperties) = preSolution
		HideSolutionNode = FALSE
	EndGlobalSection
	GlobalSection(ExtensibilityGlobals) = postSolution
		SolutionGuid = {B18D94CE-CA3B-4524-8DBA-4213ECE1BB60}
	EndGlobalSection
EndGlobal
